{
  "name": "strapi-plugin-ckeditor5-with-style",
  "version": "1.14.0",
  "lockfileVersion": 1,
  "requires": true,
  "dependencies": {
    "@ckeditor/ckeditor5-clipboard": {
      "version": "36.0.1",
      "resolved": "https://registry.npmjs.org/@ckeditor/ckeditor5-clipboard/-/ckeditor5-clipboard-36.0.1.tgz",
      "integrity": "sha512-CFh5oO29dUXwsUf/BPM8g5l8MV3hiG27/h6fpC1qRUTAVXDAj43j+cfYYs8MwNi3hv0c/1KyT1bLySqQ/LZctw==",
      "requires": {
        "@ckeditor/ckeditor5-core": "^36.0.1",
        "@ckeditor/ckeditor5-engine": "^36.0.1",
        "@ckeditor/ckeditor5-utils": "^36.0.1",
        "@ckeditor/ckeditor5-widget": "^36.0.1",
        "lodash-es": "^4.17.11"
      }
    },
    "@ckeditor/ckeditor5-core": {
      "version": "36.0.1",
      "resolved": "https://registry.npmjs.org/@ckeditor/ckeditor5-core/-/ckeditor5-core-36.0.1.tgz",
      "integrity": "sha512-50O+DYXtaf4dMOn+3mGUvfYiE2qsCgVn114WQj7Tj3pZl5w+pAIv/2P+9cBB2Kb7QxgPZqZ7bvsi9wHqIJ6KCw==",
      "requires": {
        "@ckeditor/ckeditor5-engine": "^36.0.1",
        "@ckeditor/ckeditor5-utils": "^36.0.1",
        "lodash-es": "^4.17.15"
      }
    },
    "@ckeditor/ckeditor5-engine": {
      "version": "36.0.1",
      "resolved": "https://registry.npmjs.org/@ckeditor/ckeditor5-engine/-/ckeditor5-engine-36.0.1.tgz",
      "integrity": "sha512-Ze2omTguUggwiL9vvLvPk+QpjEBbIOPS1Hi/ROYlsW8QSdnPbSTv+6rCIYThqJMFeonxLZWV5XwbcqpgSAs0MA==",
      "requires": {
        "@ckeditor/ckeditor5-utils": "^36.0.1",
        "lodash-es": "^4.17.15"
      }
    },
    "@ckeditor/ckeditor5-enter": {
      "version": "36.0.1",
      "resolved": "https://registry.npmjs.org/@ckeditor/ckeditor5-enter/-/ckeditor5-enter-36.0.1.tgz",
      "integrity": "sha512-FHZ43bltDGFyihfBOTwBOgsS2mMU2ATR9xxFEKlDP+8+P1bq4e0YkC3t4PuwtHIZMvNHiFxqvmFtA2eznGS7sQ==",
      "requires": {
        "@ckeditor/ckeditor5-core": "^36.0.1",
        "@ckeditor/ckeditor5-engine": "^36.0.1"
      }
    },
    "@ckeditor/ckeditor5-paragraph": {
      "version": "36.0.1",
      "resolved": "https://registry.npmjs.org/@ckeditor/ckeditor5-paragraph/-/ckeditor5-paragraph-36.0.1.tgz",
      "integrity": "sha512-NF1PH9WVfY81vkohj6GV1W/u1ogbZnfy60wrDy8Qp3iaFK1LJBsKNz3q1tf0WkBghaX/MUjR9E06l/OrTtaTZw==",
      "requires": {
        "@ckeditor/ckeditor5-core": "^36.0.1",
        "@ckeditor/ckeditor5-ui": "^36.0.1",
        "@ckeditor/ckeditor5-utils": "^36.0.1"
      }
    },
    "@ckeditor/ckeditor5-react": {
      "version": "3.0.3",
      "resolved": "https://registry.npmjs.org/@ckeditor/ckeditor5-react/-/ckeditor5-react-3.0.3.tgz",
      "integrity": "sha512-Zaazd9Brg64v1Q2qQNtbfryWeVLzXWlNbswLsOYwNgvHlxroa8+F7ZE33M2O8zxcL6sQHZ1vCNkQOPRUBG8pqA==",
      "requires": {
        "prop-types": "^15.7.2"
      }
    },
    "@ckeditor/ckeditor5-select-all": {
      "version": "36.0.1",
      "resolved": "https://registry.npmjs.org/@ckeditor/ckeditor5-select-all/-/ckeditor5-select-all-36.0.1.tgz",
      "integrity": "sha512-8rPxcenTAoqXy1gleZvfsc7VD0IltPFq8R+blD4JL+sSMMDUtKhPuok4TA9h6Yh0nP6LfRK2fBUKIWH3xRPABg==",
      "requires": {
        "@ckeditor/ckeditor5-core": "^36.0.1",
        "@ckeditor/ckeditor5-ui": "^36.0.1",
        "@ckeditor/ckeditor5-utils": "^36.0.1"
      }
    },
    "@ckeditor/ckeditor5-style": {
      "version": "36.0.1",
      "resolved": "https://registry.npmjs.org/@ckeditor/ckeditor5-style/-/ckeditor5-style-36.0.1.tgz",
      "integrity": "sha512-MNFlOm0O9i4uuXk8T50urSL2uAWyoh3/yclgisDpt9NQja4uxmC8JfAEQYlLyTBRX2pLMyKDIAI43ohJB14uKQ==",
      "requires": {
        "ckeditor5": "^36.0.1"
      }
    },
    "@ckeditor/ckeditor5-typing": {
      "version": "36.0.1",
      "resolved": "https://registry.npmjs.org/@ckeditor/ckeditor5-typing/-/ckeditor5-typing-36.0.1.tgz",
      "integrity": "sha512-NwXQxNxf/LLANiiteEVaLr1ZzvJd7y6+O5a6x0Tv9Uuheu80aw2Axm3icneODt05G/XT+iJmCHzUYdEiCsHUaw==",
      "requires": {
        "@ckeditor/ckeditor5-core": "^36.0.1",
        "@ckeditor/ckeditor5-engine": "^36.0.1",
        "@ckeditor/ckeditor5-utils": "^36.0.1",
        "lodash-es": "^4.17.15"
      }
    },
    "@ckeditor/ckeditor5-ui": {
      "version": "36.0.1",
      "resolved": "https://registry.npmjs.org/@ckeditor/ckeditor5-ui/-/ckeditor5-ui-36.0.1.tgz",
      "integrity": "sha512-wPqAdXUZnEAD3XPvS5vEGU2kxzTQah3wne3B1esdlbJ7dSLZDdx8r1dyKyp3/WCpCT8G+PqGvSUrlnqcy7WI5A==",
      "requires": {
        "@ckeditor/ckeditor5-core": "^36.0.1",
        "@ckeditor/ckeditor5-utils": "^36.0.1",
        "lodash-es": "^4.17.15"
      }
    },
    "@ckeditor/ckeditor5-undo": {
      "version": "36.0.1",
      "resolved": "https://registry.npmjs.org/@ckeditor/ckeditor5-undo/-/ckeditor5-undo-36.0.1.tgz",
      "integrity": "sha512-TBm6TAnur59f5hqlgUZ89NV3cPQw0xqqpSuVMFrvFruPmPiIay2E34Mapb5KRXr83AEPhNN8GAE2YM7HmMqKrQ==",
      "requires": {
        "@ckeditor/ckeditor5-core": "^36.0.1",
        "@ckeditor/ckeditor5-engine": "^36.0.1",
        "@ckeditor/ckeditor5-ui": "^36.0.1"
      }
    },
    "@ckeditor/ckeditor5-upload": {
      "version": "36.0.1",
      "resolved": "https://registry.npmjs.org/@ckeditor/ckeditor5-upload/-/ckeditor5-upload-36.0.1.tgz",
      "integrity": "sha512-932vnvO++SzfZ6EpNkOj6PPKN6vVgn5aW3gu0c1D51cF9KkCFiaMhBDsOzDRVvq/bbnDqUQ9v3j1cNo2UlC8oA==",
      "requires": {
        "@ckeditor/ckeditor5-core": "^36.0.1",
        "@ckeditor/ckeditor5-ui": "^36.0.1",
        "@ckeditor/ckeditor5-utils": "^36.0.1"
      }
    },
    "@ckeditor/ckeditor5-utils": {
      "version": "36.0.1",
      "resolved": "https://registry.npmjs.org/@ckeditor/ckeditor5-utils/-/ckeditor5-utils-36.0.1.tgz",
      "integrity": "sha512-TW/YRb0OQe88IyqRoq2xS02iXOG82NQybzMuFDnGyCaFV0hA/9ysOyWwFpxDLcPDhDgVJZIxuwvFaek9x+uCMA==",
      "requires": {
        "lodash-es": "^4.17.15"
      }
    },
    "@ckeditor/ckeditor5-widget": {
      "version": "36.0.1",
      "resolved": "https://registry.npmjs.org/@ckeditor/ckeditor5-widget/-/ckeditor5-widget-36.0.1.tgz",
      "integrity": "sha512-on92cCRYLWTfwrpnFi5z4FY7NDhY+X+p6yuYStnB9d9jM3FJi3/7y2q9ojr8fSMot4pQsXCiFXzaF6yez+77wA==",
      "requires": {
        "@ckeditor/ckeditor5-core": "^36.0.1",
        "@ckeditor/ckeditor5-engine": "^36.0.1",
        "@ckeditor/ckeditor5-enter": "^36.0.1",
        "@ckeditor/ckeditor5-typing": "^36.0.1",
        "@ckeditor/ckeditor5-ui": "^36.0.1",
        "@ckeditor/ckeditor5-utils": "^36.0.1",
        "lodash-es": "^4.17.15"
      }
    },
    "@wdsmartech/ckeditor5-build-strapi-wysiwyg-with-style": {
      "version": "1.14.0",
      "resolved": "https://registry.npmjs.org/@wdsmartech/ckeditor5-build-strapi-wysiwyg-with-style/-/ckeditor5-build-strapi-wysiwyg-with-style-1.14.0.tgz",
      "integrity": "sha512-M72iv+wuyfGgVD9hEcAlQAr8jgd03STnCI2URt4NZe6grGJAkVgNyN+8c0Of57GfPVDPM9GKM7lVdsv5lwzbzQ==",
      "requires": {
        "@ckeditor/ckeditor5-style": "^36.0.1"
      }
    },
    "ckeditor5": {
      "version": "36.0.1",
      "resolved": "https://registry.npmjs.org/ckeditor5/-/ckeditor5-36.0.1.tgz",
      "integrity": "sha512-9zKX7WIRKSDviM0s41VvW8JtDiRtNrhwrzYj4XCjGpZyIXsUKttdJYHIP5iP1MdfZU/hCvpgSUn2fmRPxFbg+Q==",
      "requires": {
        "@ckeditor/ckeditor5-clipboard": "^36.0.1",
        "@ckeditor/ckeditor5-core": "^36.0.1",
        "@ckeditor/ckeditor5-engine": "^36.0.1",
        "@ckeditor/ckeditor5-enter": "^36.0.1",
        "@ckeditor/ckeditor5-paragraph": "^36.0.1",
        "@ckeditor/ckeditor5-select-all": "^36.0.1",
        "@ckeditor/ckeditor5-typing": "^36.0.1",
        "@ckeditor/ckeditor5-ui": "^36.0.1",
        "@ckeditor/ckeditor5-undo": "^36.0.1",
        "@ckeditor/ckeditor5-upload": "^36.0.1",
        "@ckeditor/ckeditor5-utils": "^36.0.1",
        "@ckeditor/ckeditor5-widget": "^36.0.1"
      }
    },
    "js-tokens": {
      "version": "4.0.0",
      "resolved": "https://registry.npmjs.org/js-tokens/-/js-tokens-4.0.0.tgz",
      "integrity": "sha512-RdJUflcE3cUzKiMqQgsCu06FPu9UdIJO0beYbPhHN4k6apgJtifcoCtT9bcxOpYBtpD2kCM6Sbzg4CausW/PKQ=="
    },
    "lodash-es": {
      "version": "4.17.21",
      "resolved": "https://registry.npmjs.org/lodash-es/-/lodash-es-4.17.21.tgz",
      "integrity": "sha512-mKnC+QJ9pWVzv+C4/U3rRsHapFfHvQFoFB92e52xeyGMcX6/OlIl78je1u8vePzYZSkkogMPJ2yjxxsb89cxyw=="
    },
    "loose-envify": {
      "version": "1.4.0",
      "resolved": "https://registry.npmjs.org/loose-envify/-/loose-envify-1.4.0.tgz",
      "integrity": "sha512-lyuxPGr/Wfhrlem2CL/UcnUc1zcqKAImBDzukY7Y5F/yQiNdko6+fRLevlw1HgMySw7f611UIY408EtxRSoK3Q==",
      "requires": {
        "js-tokens": "^3.0.0 || ^4.0.0"
      }
    },
    "object-assign": {
      "version": "4.1.1",
      "resolved": "https://registry.npmjs.org/object-assign/-/object-assign-4.1.1.tgz",
      "integrity": "sha1-IQmtx5ZYh8/AXLvUQsrIv7s2CGM="
    },
    "prop-types": {
      "version": "15.7.2",
      "resolved": "https://registry.npmjs.org/prop-types/-/prop-types-15.7.2.tgz",
      "integrity": "sha512-8QQikdH7//R2vurIJSutZ1smHYTcLpRWEOlHnzcWHmBYrOGUysKwSsrC89BCiFj3CbrfJ/nXFdJepOVrY1GCHQ==",
      "requires": {
        "loose-envify": "^1.4.0",
        "object-assign": "^4.1.1",
        "react-is": "^16.8.1"
      }
    },
    "react-is": {
      "version": "16.13.1",
      "resolved": "https://registry.npmjs.org/react-is/-/react-is-16.13.1.tgz",
      "integrity": "sha512-24e6ynE2H+OKt4kqsOvNd8kBpV65zoxbA4BVsEOB3ARVWQki/DHzaUoC5KuON/BiccDaCCTZBuOcfZs70kR8bQ=="
    }
  }
}
